
Microsoft Visual Studio Solution File, Format Version 12.00
# Visual Studio 15
VisualStudioVersion = 15.0.27004.2006
MinimumVisualStudioVersion = 10.0.40219.1
Project("{FAE04EC0-301F-11D3-BF4B-00C04F79EFBC}") = "Lab14", "Lab14\Lab14.csproj", "{4743A15F-B5B6-44CC-90FC-38F7A465FBAA}"
EndProject
Project("{FAE04EC0-301F-11D3-BF4B-00C04F79EFBC}") = "Server", "Server\Server.csproj", "{BC70E8A0-2CC2-42D2-85CE-38E5AC9BDABF}"
EndProject
Project("{FAE04EC0-301F-11D3-BF4B-00C04F79EFBC}") = "Client", "Client\Client.csproj", "{6F48FA4C-1301-4AF2-A8CC-063B83903237}"
EndProject
Global
	GlobalSection(SolutionConfigurationPlatforms) = preSolution
		Debug|Any CPU = Debug|Any CPU
		Release|Any CPU = Release|Any CPU
	EndGlobalSection
	GlobalSection(ProjectConfigurationPlatforms) = postSolution
		{4743A15F-B5B6-44CC-90FC-38F7A465FBAA}.Debug|Any CPU.ActiveCfg = Debug|Any CPU
		{4743A15F-B5B6-44CC-90FC-38F7A465FBAA}.Debug|Any CPU.Build.0 = Debug|Any CPU
		{4743A15F-B5B6-44CC-90FC-38F7A465FBAA}.Release|Any CPU.ActiveCfg = Release|Any CPU
		{4743A15F-B5B6-44CC-90FC-38F7A465FBAA}.Release|Any CPU.Build.0 = Release|Any CPU
		{BC70E8A0-2CC2-42D2-85CE-38E5AC9BDABF}.Debug|Any CPU.ActiveCfg = Debug|Any CPU
		{BC70E8A0-2CC2-42D2-85CE-38E5AC9BDABF}.Debug|Any CPU.Build.0 = Debug|Any CPU
		{BC70E8A0-2CC2-42D2-85CE-38E5AC9BDABF}.Release|Any CPU.ActiveCfg = Release|Any CPU
		{BC70E8A0-2CC2-42D2-85CE-38E5AC9BDABF}.Release|Any CPU.Build.0 = Release|Any CPU
		{6F48FA4C-1301-4AF2-A8CC-063B83903237}.Debug|Any CPU.ActiveCfg = Debug|Any CPU
		{6F48FA4C-1301-4AF2-A8CC-063B83903237}.Debug|Any CPU.Build.0 = Debug|Any CPU
		{6F48FA4C-1301-4AF2-A8CC-063B83903237}.Release|Any CPU.ActiveCfg = Release|Any CPU
		{6F48FA4C-1301-4AF2-A8CC-063B83903237}.Release|Any CPU.Build.0 = Release|Any CPU
	EndGlobalSection
	GlobalSection(SolutionProperties) = preSolution
		HideSolutionNode = FALSE
	EndGlobalSection
	GlobalSection(ExtensibilityGlobals) = postSolution
		SolutionGuid = {33337597-68BF-4AD1-994C-D7A820120578}
	EndGlobalSection
EndGlobal
