
Microsoft Visual Studio Solution File, Format Version 12.00
# Visual Studio 15
VisualStudioVersion = 15.0.27004.2006
MinimumVisualStudioVersion = 10.0.40219.1
Project("{FAE04EC0-301F-11D3-BF4B-00C04F79EFBC}") = "Lab12", "Lab12\Lab12.csproj", "{16302FBB-778C-4B77-94B8-B9A49009A655}"
EndProject
Global
	GlobalSection(SolutionConfigurationPlatforms) = preSolution
		Debug|Any CPU = Debug|Any CPU
		Release|Any CPU = Release|Any CPU
	EndGlobalSection
	GlobalSection(ProjectConfigurationPlatforms) = postSolution
		{16302FBB-778C-4B77-94B8-B9A49009A655}.Debug|Any CPU.ActiveCfg = Debug|Any CPU
		{16302FBB-778C-4B77-94B8-B9A49009A655}.Debug|Any CPU.Build.0 = Debug|Any CPU
		{16302FBB-778C-4B77-94B8-B9A49009A655}.Release|Any CPU.ActiveCfg = Release|Any CPU
		{16302FBB-778C-4B77-94B8-B9A49009A655}.Release|Any CPU.Build.0 = Release|Any CPU
	EndGlobalSection
	GlobalSection(SolutionProperties) = preSolution
		HideSolutionNode = FALSE
	EndGlobalSection
	GlobalSection(ExtensibilityGlobals) = postSolution
		SolutionGuid = {4C5FE8BF-BCBA-442F-AB4A-190F76CDE0DC}
	EndGlobalSection
EndGlobal
